
Microsoft Visual Studio Solution File, Format Version 11.00
# Visual C# Express 2010
Project("{FAE04EC0-301F-11D3-BF4B-00C04F79EFBC}") = "Game", "Game\Game\Game.csproj", "{306CFB64-4E86-4C33-A1C9-1C4838AF6608}"
EndProject
Project("{96E2B04D-8817-42C6-938A-82C39BA4D311}") = "GameContent", "Game\GameContent\GameContent.contentproj", "{8275B2B3-C562-4C9B-9957-1B2EE021EC0D}"
EndProject
Global
	GlobalSection(SolutionConfigurationPlatforms) = preSolution
		Debug|x86 = Debug|x86
		Release|x86 = Release|x86
	EndGlobalSection
	GlobalSection(ProjectConfigurationPlatforms) = postSolution
		{306CFB64-4E86-4C33-A1C9-1C4838AF6608}.Debug|x86.ActiveCfg = Debug|x86
		{306CFB64-4E86-4C33-A1C9-1C4838AF6608}.Debug|x86.Build.0 = Debug|x86
		{306CFB64-4E86-4C33-A1C9-1C4838AF6608}.Release|x86.ActiveCfg = Release|x86
		{306CFB64-4E86-4C33-A1C9-1C4838AF6608}.Release|x86.Build.0 = Release|x86
		{8275B2B3-C562-4C9B-9957-1B2EE021EC0D}.Debug|x86.ActiveCfg = Debug|x86
		{8275B2B3-C562-4C9B-9957-1B2EE021EC0D}.Release|x86.ActiveCfg = Release|x86
	EndGlobalSection
	GlobalSection(SolutionProperties) = preSolution
		HideSolutionNode = FALSE
	EndGlobalSection
EndGlobal
